
Microsoft Visual Studio Solution File, Format Version 12.00
# Visual Studio Version 16
VisualStudioVersion = 16.0.30104.148
MinimumVisualStudioVersion = 10.0.40219.1
Project("{FAE04EC0-301F-11D3-BF4B-00C04F79EFBC}") = "ProjectAApplication", "ProjectAApplication\ProjectAApplication.csproj", "{1F4C8E8B-D5AE-4FE3-A922-3D420566B809}"
EndProject
Global
	GlobalSection(SolutionConfigurationPlatforms) = preSolution
		Debug|Any CPU = Debug|Any CPU
		Release|Any CPU = Release|Any CPU
	EndGlobalSection
	GlobalSection(ProjectConfigurationPlatforms) = postSolution
		{1F4C8E8B-D5AE-4FE3-A922-3D420566B809}.Debug|Any CPU.ActiveCfg = Debug|Any CPU
		{1F4C8E8B-D5AE-4FE3-A922-3D420566B809}.Debug|Any CPU.Build.0 = Debug|Any CPU
		{1F4C8E8B-D5AE-4FE3-A922-3D420566B809}.Release|Any CPU.ActiveCfg = Release|Any CPU
		{1F4C8E8B-D5AE-4FE3-A922-3D420566B809}.Release|Any CPU.Build.0 = Release|Any CPU
	EndGlobalSection
	GlobalSection(SolutionProperties) = preSolution
		HideSolutionNode = FALSE
	EndGlobalSection
	GlobalSection(ExtensibilityGlobals) = postSolution
		SolutionGuid = {93262C36-640C-4E33-8ADB-FD174C8C76B1}
	EndGlobalSection
EndGlobal
